
Microsoft Visual Studio Solution File, Format Version 12.00
# Visual Studio Version 16
VisualStudioVersion = 16.0.29306.81
MinimumVisualStudioVersion = 10.0.40219.1
Project("{FAE04EC0-301F-11D3-BF4B-00C04F79EFBC}") = "MessageBoard", "MessageBoard\MessageBoard.csproj", "{678168B9-9D99-40D5-88D5-A71F2BF0785E}"
EndProject
Global
	GlobalSection(SolutionConfigurationPlatforms) = preSolution
		Debug|Any CPU = Debug|Any CPU
		Release|Any CPU = Release|Any CPU
	EndGlobalSection
	GlobalSection(ProjectConfigurationPlatforms) = postSolution
		{678168B9-9D99-40D5-88D5-A71F2BF0785E}.Debug|Any CPU.ActiveCfg = Debug|Any CPU
		{678168B9-9D99-40D5-88D5-A71F2BF0785E}.Debug|Any CPU.Build.0 = Debug|Any CPU
		{678168B9-9D99-40D5-88D5-A71F2BF0785E}.Release|Any CPU.ActiveCfg = Release|Any CPU
		{678168B9-9D99-40D5-88D5-A71F2BF0785E}.Release|Any CPU.Build.0 = Release|Any CPU
	EndGlobalSection
	GlobalSection(SolutionProperties) = preSolution
		HideSolutionNode = FALSE
	EndGlobalSection
	GlobalSection(ExtensibilityGlobals) = postSolution
		SolutionGuid = {41BD9B2C-E31F-4BF6-9BA9-A7E3794A0A8A}
	EndGlobalSection
EndGlobal
